
Microsoft Visual Studio Solution File, Format Version 12.00
# Visual Studio Version 16
VisualStudioVersion = 16.0.31624.102
MinimumVisualStudioVersion = 10.0.40219.1
Project("{FAE04EC0-301F-11D3-BF4B-00C04F79EFBC}") = "HoleyMoley", "HoleyMoley\HoleyMoley.csproj", "{7112DD7B-6712-4ECC-BC07-6476DB6F6EA4}"
EndProject
Project("{2150E333-8FDC-42A3-9474-1A3956D46DE8}") = "GitHub Pages", "GitHub Pages", "{90AAD584-ACB1-43EE-AD36-1E49A7E6F411}"
	ProjectSection(SolutionItems) = preProject
		docs\_config.yml = docs\_config.yml
		docs\index.md = docs\index.md
		docs\version.json = docs\version.json
	EndProjectSection
EndProject
Project("{2150E333-8FDC-42A3-9474-1A3956D46DE8}") = "GFX", "GFX", "{C808F43D-C20F-4A09-9963-8BCB2F33E620}"
	ProjectSection(SolutionItems) = preProject
		GFX\logo 001.c4d = GFX\logo 001.c4d
		GFX\logo 001.ico = GFX\logo 001.ico
		GFX\logo 001.png = GFX\logo 001.png
	EndProjectSection
EndProject
Global
	GlobalSection(SolutionConfigurationPlatforms) = preSolution
		Debug|x86 = Debug|x86
		Release|x86 = Release|x86
	EndGlobalSection
	GlobalSection(ProjectConfigurationPlatforms) = postSolution
		{7112DD7B-6712-4ECC-BC07-6476DB6F6EA4}.Debug|x86.ActiveCfg = Debug|x86
		{7112DD7B-6712-4ECC-BC07-6476DB6F6EA4}.Debug|x86.Build.0 = Debug|x86
		{7112DD7B-6712-4ECC-BC07-6476DB6F6EA4}.Release|x86.ActiveCfg = Release|x86
		{7112DD7B-6712-4ECC-BC07-6476DB6F6EA4}.Release|x86.Build.0 = Release|x86
	EndGlobalSection
	GlobalSection(SolutionProperties) = preSolution
		HideSolutionNode = FALSE
	EndGlobalSection
	GlobalSection(ExtensibilityGlobals) = postSolution
		SolutionGuid = {CBAA640E-465F-4423-A39A-E9822FE6662E}
	EndGlobalSection
EndGlobal
